
Microsoft Visual Studio Solution File, Format Version 12.00
# Visual Studio 2013
VisualStudioVersion = 12.0.21005.1
MinimumVisualStudioVersion = 10.0.40219.1
Project("{FAE04EC0-301F-11D3-BF4B-00C04F79EFBC}") = "Problem1", "Problem1\Problem1.csproj", "{DF039C4A-EB9B-4765-A4B8-DE6017119A95}"
EndProject
Project("{FAE04EC0-301F-11D3-BF4B-00C04F79EFBC}") = "UnitTestProject1", "UnitTestProject1\UnitTestProject1.csproj", "{50F14D93-2D99-48CA-B412-7B1C06D35C95}"
EndProject
Global
	GlobalSection(SolutionConfigurationPlatforms) = preSolution
		Debug|Any CPU = Debug|Any CPU
		Release|Any CPU = Release|Any CPU
	EndGlobalSection
	GlobalSection(ProjectConfigurationPlatforms) = postSolution
		{DF039C4A-EB9B-4765-A4B8-DE6017119A95}.Debug|Any CPU.ActiveCfg = Debug|Any CPU
		{DF039C4A-EB9B-4765-A4B8-DE6017119A95}.Debug|Any CPU.Build.0 = Debug|Any CPU
		{DF039C4A-EB9B-4765-A4B8-DE6017119A95}.Release|Any CPU.ActiveCfg = Release|Any CPU
		{DF039C4A-EB9B-4765-A4B8-DE6017119A95}.Release|Any CPU.Build.0 = Release|Any CPU
		{50F14D93-2D99-48CA-B412-7B1C06D35C95}.Debug|Any CPU.ActiveCfg = Debug|Any CPU
		{50F14D93-2D99-48CA-B412-7B1C06D35C95}.Debug|Any CPU.Build.0 = Debug|Any CPU
		{50F14D93-2D99-48CA-B412-7B1C06D35C95}.Release|Any CPU.ActiveCfg = Release|Any CPU
		{50F14D93-2D99-48CA-B412-7B1C06D35C95}.Release|Any CPU.Build.0 = Release|Any CPU
	EndGlobalSection
	GlobalSection(SolutionProperties) = preSolution
		HideSolutionNode = FALSE
	EndGlobalSection
EndGlobal
